
Microsoft Visual Studio Solution File, Format Version 12.00
# Visual Studio 15
VisualStudioVersion = 15.0.27428.2015
MinimumVisualStudioVersion = 10.0.40219.1
Project("{151D2E53-A2C4-4D7D-83FE-D05416EBD58E}") = "AddComment", "AddComment\AddComment.deployproj", "{993EDC61-E430-4517-A364-3923FD68FED1}"
EndProject
Global
	GlobalSection(SolutionConfigurationPlatforms) = preSolution
		Debug|Any CPU = Debug|Any CPU
		Release|Any CPU = Release|Any CPU
	EndGlobalSection
	GlobalSection(ProjectConfigurationPlatforms) = postSolution
		{993EDC61-E430-4517-A364-3923FD68FED1}.Debug|Any CPU.ActiveCfg = Debug|Any CPU
		{993EDC61-E430-4517-A364-3923FD68FED1}.Debug|Any CPU.Build.0 = Debug|Any CPU
		{993EDC61-E430-4517-A364-3923FD68FED1}.Release|Any CPU.ActiveCfg = Release|Any CPU
		{993EDC61-E430-4517-A364-3923FD68FED1}.Release|Any CPU.Build.0 = Release|Any CPU
	EndGlobalSection
	GlobalSection(SolutionProperties) = preSolution
		HideSolutionNode = FALSE
	EndGlobalSection
	GlobalSection(ExtensibilityGlobals) = postSolution
		SolutionGuid = {7273248A-CC50-476E-8725-EBD778549137}
	EndGlobalSection
EndGlobal
