
Microsoft Visual Studio Solution File, Format Version 12.00
# Visual Studio 15
VisualStudioVersion = 15.0.28307.271
MinimumVisualStudioVersion = 10.0.40219.1
Project("{151D2E53-A2C4-4D7D-83FE-D05416EBD58E}") = "TwitterSearch", "TwitterSearch\TwitterSearch.deployproj", "{288AA08C-7859-4FC4-8727-A9C251496681}"
EndProject
Global
	GlobalSection(SolutionConfigurationPlatforms) = preSolution
		Debug|Any CPU = Debug|Any CPU
		Release|Any CPU = Release|Any CPU
	EndGlobalSection
	GlobalSection(ProjectConfigurationPlatforms) = postSolution
		{288AA08C-7859-4FC4-8727-A9C251496681}.Debug|Any CPU.ActiveCfg = Debug|Any CPU
		{288AA08C-7859-4FC4-8727-A9C251496681}.Debug|Any CPU.Build.0 = Debug|Any CPU
		{288AA08C-7859-4FC4-8727-A9C251496681}.Release|Any CPU.ActiveCfg = Release|Any CPU
		{288AA08C-7859-4FC4-8727-A9C251496681}.Release|Any CPU.Build.0 = Release|Any CPU
	EndGlobalSection
	GlobalSection(SolutionProperties) = preSolution
		HideSolutionNode = FALSE
	EndGlobalSection
	GlobalSection(ExtensibilityGlobals) = postSolution
		SolutionGuid = {52981885-428F-43BB-9780-DEAF312B1194}
	EndGlobalSection
EndGlobal
