
Microsoft Visual Studio Solution File, Format Version 12.00
# Visual Studio 15
VisualStudioVersion = 15.0.27428.2015
MinimumVisualStudioVersion = 10.0.40219.1
Project("{151D2E53-A2C4-4D7D-83FE-D05416EBD58E}") = "AddREProperty", "AddREProperty\AddREProperty.deployproj", "{C6D0D1B0-6D55-4CB3-AE5F-C8088E631E4B}"
EndProject
Global
	GlobalSection(SolutionConfigurationPlatforms) = preSolution
		Debug|Any CPU = Debug|Any CPU
		Release|Any CPU = Release|Any CPU
	EndGlobalSection
	GlobalSection(ProjectConfigurationPlatforms) = postSolution
		{C6D0D1B0-6D55-4CB3-AE5F-C8088E631E4B}.Debug|Any CPU.ActiveCfg = Debug|Any CPU
		{C6D0D1B0-6D55-4CB3-AE5F-C8088E631E4B}.Debug|Any CPU.Build.0 = Debug|Any CPU
		{C6D0D1B0-6D55-4CB3-AE5F-C8088E631E4B}.Release|Any CPU.ActiveCfg = Release|Any CPU
		{C6D0D1B0-6D55-4CB3-AE5F-C8088E631E4B}.Release|Any CPU.Build.0 = Release|Any CPU
	EndGlobalSection
	GlobalSection(SolutionProperties) = preSolution
		HideSolutionNode = FALSE
	EndGlobalSection
	GlobalSection(ExtensibilityGlobals) = postSolution
		SolutionGuid = {A29C9D28-73B3-469D-9973-9F79EBAFBC0E}
	EndGlobalSection
EndGlobal
