
Microsoft Visual Studio Solution File, Format Version 12.00
# Visual Studio 15
VisualStudioVersion = 15.0.27428.2015
MinimumVisualStudioVersion = 10.0.40219.1
Project("{151D2E53-A2C4-4D7D-83FE-D05416EBD58E}") = "MailNewProductName", "MailNewProductName\MailNewProductName.deployproj", "{6D2219D5-93A3-4464-8186-B0FF8F535C2A}"
EndProject
Global
	GlobalSection(SolutionConfigurationPlatforms) = preSolution
		Debug|Any CPU = Debug|Any CPU
		Release|Any CPU = Release|Any CPU
	EndGlobalSection
	GlobalSection(ProjectConfigurationPlatforms) = postSolution
		{6D2219D5-93A3-4464-8186-B0FF8F535C2A}.Debug|Any CPU.ActiveCfg = Debug|Any CPU
		{6D2219D5-93A3-4464-8186-B0FF8F535C2A}.Debug|Any CPU.Build.0 = Debug|Any CPU
		{6D2219D5-93A3-4464-8186-B0FF8F535C2A}.Release|Any CPU.ActiveCfg = Release|Any CPU
		{6D2219D5-93A3-4464-8186-B0FF8F535C2A}.Release|Any CPU.Build.0 = Release|Any CPU
	EndGlobalSection
	GlobalSection(SolutionProperties) = preSolution
		HideSolutionNode = FALSE
	EndGlobalSection
	GlobalSection(ExtensibilityGlobals) = postSolution
		SolutionGuid = {5C3C2BE9-9D1B-45A2-B0CA-CD74154A23AE}
	EndGlobalSection
EndGlobal
